<?xml version="1.0" encoding="utf-8"?>
<Project ToolsVersion="16.0" xmlns="http://schemas.microsoft.com/developer/msbuild/2003">
  <ItemGroup>
    <ClCompile Include="D:\PSOBB\mariadb-connector-c-3.2.0-src\plugins\auth\my_auth.c">
      <Filter>Source Files</Filter>
    </ClCompile>
    <ClCompile Include="D:\PSOBB\mariadb-connector-c-3.2.0-src\plugins\auth\old_password.c">
      <Filter>Source Files</Filter>
    </ClCompile>
    <ClCompile Include="D:\PSOBB\mariadb-connector-c-3.2.0-src\plugins\pvio\pvio_socket.c">
      <Filter>Source Files</Filter>
    </ClCompile>
    <ClCompile Include="D:\PSOBB\mariadb-connector-c-3.2.0-src\libmariadb\ma_array.c">
      <Filter>Source Files</Filter>
    </ClCompile>
    <ClCompile Include="D:\PSOBB\mariadb-connector-c-3.2.0-src\libmariadb\ma_charset.c">
      <Filter>Source Files</Filter>
    </ClCompile>
    <ClCompile Include="D:\PSOBB\mariadb-connector-c-3.2.0-src\libmariadb\ma_hashtbl.c">
      <Filter>Source Files</Filter>
    </ClCompile>
    <ClCompile Include="D:\PSOBB\mariadb-connector-c-3.2.0-src\libmariadb\ma_net.c">
      <Filter>Source Files</Filter>
    </ClCompile>
    <ClCompile Include="D:\PSOBB\mariadb-connector-c-3.2.0-src\libmariadb\mariadb_charset.c">
      <Filter>Source Files</Filter>
    </ClCompile>
    <ClCompile Include="D:\PSOBB\mariadb-connector-c-3.2.0-src\libmariadb\ma_time.c">
      <Filter>Source Files</Filter>
    </ClCompile>
    <ClCompile Include="D:\PSOBB\mariadb-connector-c-3.2.0-src\libmariadb\ma_default.c">
      <Filter>Source Files</Filter>
    </ClCompile>
    <ClCompile Include="D:\PSOBB\mariadb-connector-c-3.2.0-src\libmariadb\ma_errmsg.c">
      <Filter>Source Files</Filter>
    </ClCompile>
    <ClCompile Include="D:\PSOBB\mariadb-connector-c-3.2.0-src\libmariadb\mariadb_lib.c">
      <Filter>Source Files</Filter>
    </ClCompile>
    <ClCompile Include="D:\PSOBB\mariadb-connector-c-3.2.0-src\libmariadb\ma_list.c">
      <Filter>Source Files</Filter>
    </ClCompile>
    <ClCompile Include="D:\PSOBB\mariadb-connector-c-3.2.0-src\libmariadb\ma_pvio.c">
      <Filter>Source Files</Filter>
    </ClCompile>
    <ClCompile Include="D:\PSOBB\mariadb-connector-c-3.2.0-src\libmariadb\ma_tls.c">
      <Filter>Source Files</Filter>
    </ClCompile>
    <ClCompile Include="D:\PSOBB\mariadb-connector-c-3.2.0-src\libmariadb\ma_alloc.c">
      <Filter>Source Files</Filter>
    </ClCompile>
    <ClCompile Include="D:\PSOBB\mariadb-connector-c-3.2.0-src\libmariadb\ma_compress.c">
      <Filter>Source Files</Filter>
    </ClCompile>
    <ClCompile Include="D:\PSOBB\mariadb-connector-c-3.2.0-src\libmariadb\ma_init.c">
      <Filter>Source Files</Filter>
    </ClCompile>
    <ClCompile Include="D:\PSOBB\mariadb-connector-c-3.2.0-src\libmariadb\ma_password.c">
      <Filter>Source Files</Filter>
    </ClCompile>
    <ClCompile Include="D:\PSOBB\mariadb-connector-c-3.2.0-src\libmariadb\ma_ll2str.c">
      <Filter>Source Files</Filter>
    </ClCompile>
    <ClCompile Include="D:\PSOBB\mariadb-connector-c-3.2.0-src\libmariadb\ma_sha1.c">
      <Filter>Source Files</Filter>
    </ClCompile>
    <ClCompile Include="D:\PSOBB\mariadb-connector-c-3.2.0-src\libmariadb\mariadb_stmt.c">
      <Filter>Source Files</Filter>
    </ClCompile>
    <ClCompile Include="D:\PSOBB\mariadb-connector-c-3.2.0-src\libmariadb\ma_loaddata.c">
      <Filter>Source Files</Filter>
    </ClCompile>
    <ClCompile Include="D:\PSOBB\mariadb-connector-c-3.2.0-src\libmariadb\ma_stmt_codec.c">
      <Filter>Source Files</Filter>
    </ClCompile>
    <ClCompile Include="D:\PSOBB\mariadb-connector-c-3.2.0-src\libmariadb\ma_string.c">
      <Filter>Source Files</Filter>
    </ClCompile>
    <ClCompile Include="D:\PSOBB\mariadb-connector-c-3.2.0-src\libmariadb\ma_dtoa.c">
      <Filter>Source Files</Filter>
    </ClCompile>
    <ClCompile Include="D:\PSOBB\mariadb-connector-c-3.2.0-src\libmariadb\mariadb_rpl.c">
      <Filter>Source Files</Filter>
    </ClCompile>
    <ClCompile Include="D:\PSOBB\mariadb-connector-c-3.2.0-src\win_build\libmariadb\ma_client_plugin.c">
      <Filter>Source Files</Filter>
    </ClCompile>
    <ClCompile Include="D:\PSOBB\mariadb-connector-c-3.2.0-src\libmariadb\ma_io.c">
      <Filter>Source Files</Filter>
    </ClCompile>
    <ClCompile Include="D:\PSOBB\mariadb-connector-c-3.2.0-src\libmariadb\secure\schannel.c">
      <Filter>Source Files</Filter>
    </ClCompile>
    <ClCompile Include="D:\PSOBB\mariadb-connector-c-3.2.0-src\libmariadb\secure\ma_schannel.c">
      <Filter>Source Files</Filter>
    </ClCompile>
    <ClCompile Include="D:\PSOBB\mariadb-connector-c-3.2.0-src\libmariadb\secure\schannel_certs.c">
      <Filter>Source Files</Filter>
    </ClCompile>
    <ClCompile Include="D:\PSOBB\mariadb-connector-c-3.2.0-src\win-iconv\win_iconv.c">
      <Filter>Source Files</Filter>
    </ClCompile>
    <ClCompile Include="D:\PSOBB\mariadb-connector-c-3.2.0-src\libmariadb\win32_errmsg.c">
      <Filter>Source Files</Filter>
    </ClCompile>
    <ClCompile Include="D:\PSOBB\mariadb-connector-c-3.2.0-src\zlib\adler32.c">
      <Filter>Source Files</Filter>
    </ClCompile>
    <ClCompile Include="D:\PSOBB\mariadb-connector-c-3.2.0-src\zlib\compress.c">
      <Filter>Source Files</Filter>
    </ClCompile>
    <ClCompile Include="D:\PSOBB\mariadb-connector-c-3.2.0-src\zlib\crc32.c">
      <Filter>Source Files</Filter>
    </ClCompile>
    <ClCompile Include="D:\PSOBB\mariadb-connector-c-3.2.0-src\zlib\deflate.c">
      <Filter>Source Files</Filter>
    </ClCompile>
    <ClCompile Include="D:\PSOBB\mariadb-connector-c-3.2.0-src\zlib\gzclose.c">
      <Filter>Source Files</Filter>
    </ClCompile>
    <ClCompile Include="D:\PSOBB\mariadb-connector-c-3.2.0-src\zlib\gzlib.c">
      <Filter>Source Files</Filter>
    </ClCompile>
    <ClCompile Include="D:\PSOBB\mariadb-connector-c-3.2.0-src\zlib\gzread.c">
      <Filter>Source Files</Filter>
    </ClCompile>
    <ClCompile Include="D:\PSOBB\mariadb-connector-c-3.2.0-src\zlib\gzwrite.c">
      <Filter>Source Files</Filter>
    </ClCompile>
    <ClCompile Include="D:\PSOBB\mariadb-connector-c-3.2.0-src\zlib\infback.c">
      <Filter>Source Files</Filter>
    </ClCompile>
    <ClCompile Include="D:\PSOBB\mariadb-connector-c-3.2.0-src\zlib\inffast.c">
      <Filter>Source Files</Filter>
    </ClCompile>
    <ClCompile Include="D:\PSOBB\mariadb-connector-c-3.2.0-src\zlib\inflate.c">
      <Filter>Source Files</Filter>
    </ClCompile>
    <ClCompile Include="D:\PSOBB\mariadb-connector-c-3.2.0-src\zlib\inftrees.c">
      <Filter>Source Files</Filter>
    </ClCompile>
    <ClCompile Include="D:\PSOBB\mariadb-connector-c-3.2.0-src\zlib\trees.c">
      <Filter>Source Files</Filter>
    </ClCompile>
    <ClCompile Include="D:\PSOBB\mariadb-connector-c-3.2.0-src\zlib\uncompr.c">
      <Filter>Source Files</Filter>
    </ClCompile>
    <ClCompile Include="D:\PSOBB\mariadb-connector-c-3.2.0-src\zlib\zutil.c">
      <Filter>Source Files</Filter>
    </ClCompile>
    <ClCompile Include="D:\PSOBB\mariadb-connector-c-3.2.0-src\libmariadb\mariadb_dyncol.c">
      <Filter>Source Files</Filter>
    </ClCompile>
    <ClCompile Include="D:\PSOBB\mariadb-connector-c-3.2.0-src\libmariadb\mariadb_async.c">
      <Filter>Source Files</Filter>
    </ClCompile>
    <ClCompile Include="D:\PSOBB\mariadb-connector-c-3.2.0-src\libmariadb\ma_context.c">
      <Filter>Source Files</Filter>
    </ClCompile>
  </ItemGroup>
  <ItemGroup>
    <ClInclude Include="D:\PSOBB\mariadb-connector-c-3.2.0-src\libmariadb\win32_errmsg.h">
      <Filter>Header Files</Filter>
    </ClInclude>
  </ItemGroup>
  <ItemGroup>
    <CustomBuild Include="D:\PSOBB\mariadb-connector-c-3.2.0-src\libmariadb\CMakeLists.txt" />
  </ItemGroup>
  <ItemGroup>
    <Filter Include="Header Files">
      <UniqueIdentifier>{6AABA3F4-097F-3066-9A0E-76FB17131B71}</UniqueIdentifier>
    </Filter>
    <Filter Include="Source Files">
      <UniqueIdentifier>{7705DDEB-32CE-3982-9D64-A43DDC189031}</UniqueIdentifier>
    </Filter>
  </ItemGroup>
</Project>
