
Microsoft Visual Studio Solution File, Format Version 12.00
# Visual Studio Version 16
Project("{8BC9CEB8-8B4A-11D0-8D11-00A0C91BC942}") = "ALL_BUILD", "ALL_BUILD.vcxproj", "{8C2399BA-0E10-3D2F-85C8-F63AA1A75B8B}"
	ProjectSection(ProjectDependencies) = postProject
		{908F469C-892C-3CFC-B8D2-786E0F580971} = {908F469C-892C-3CFC-B8D2-786E0F580971}
		{7248A451-7600-3B99-BE9B-11DAA223114D} = {7248A451-7600-3B99-BE9B-11DAA223114D}
		{38045B31-78FB-3C2F-AD9F-917016CDE72A} = {38045B31-78FB-3C2F-AD9F-917016CDE72A}
		{311252EE-2381-3878-B400-28549B9B995F} = {311252EE-2381-3878-B400-28549B9B995F}
		{5F7038AE-5F98-38EF-AF9D-B791EF0BCC66} = {5F7038AE-5F98-38EF-AF9D-B791EF0BCC66}
		{CE08F11B-141F-3AFF-8011-D2EE6CCD27E2} = {CE08F11B-141F-3AFF-8011-D2EE6CCD27E2}
		{DEBAD5B9-65AB-3F5B-8EBD-9D5F8E133DBE} = {DEBAD5B9-65AB-3F5B-8EBD-9D5F8E133DBE}
		{5685043B-A413-3705-805B-371700A2C385} = {5685043B-A413-3705-805B-371700A2C385}
		{729681DD-4803-3AD1-AC2E-F8166710204C} = {729681DD-4803-3AD1-AC2E-F8166710204C}
		{084D7508-8C01-3A6B-9A8E-C8C97E34E698} = {084D7508-8C01-3A6B-9A8E-C8C97E34E698}
		{C190AF57-8766-3931-8F2D-209E59327EE8} = {C190AF57-8766-3931-8F2D-209E59327EE8}
		{96F4A6F9-63D4-345E-945F-540C5A631AFA} = {96F4A6F9-63D4-345E-945F-540C5A631AFA}
		{9DC9B3C7-4866-335F-95AA-104BAE8FE5DE} = {9DC9B3C7-4866-335F-95AA-104BAE8FE5DE}
		{B626FEE3-20F0-3C6F-9F06-9DD1954E1553} = {B626FEE3-20F0-3C6F-9F06-9DD1954E1553}
		{77510083-DF1C-3466-B6D4-342BD049FB14} = {77510083-DF1C-3466-B6D4-342BD049FB14}
		{D1079406-4C1A-3889-BB20-3F95723A7A51} = {D1079406-4C1A-3889-BB20-3F95723A7A51}
		{EC01CA3F-87B5-316D-89C0-A629976A32C1} = {EC01CA3F-87B5-316D-89C0-A629976A32C1}
		{91F06918-DFA1-3249-A492-194ACCAED799} = {91F06918-DFA1-3249-A492-194ACCAED799}
		{6FA2A401-874A-3A58-8A2C-2B51960DD4A2} = {6FA2A401-874A-3A58-8A2C-2B51960DD4A2}
		{73ED68D8-5204-3DF7-AAE2-9A5AE94C676B} = {73ED68D8-5204-3DF7-AAE2-9A5AE94C676B}
		{7999A5EF-2553-3BE6-9434-96237D345975} = {7999A5EF-2553-3BE6-9434-96237D345975}
		{7DE8AC3D-F1B4-302B-BFB6-B6322356C4A0} = {7DE8AC3D-F1B4-302B-BFB6-B6322356C4A0}
		{CA93ADF0-F07E-383A-854A-DC793151E670} = {CA93ADF0-F07E-383A-854A-DC793151E670}
		{6C456F5E-8393-3766-9411-0D53A3571C57} = {6C456F5E-8393-3766-9411-0D53A3571C57}
		{1C541E7B-2846-3C5E-8F8E-B69DDC021EFD} = {1C541E7B-2846-3C5E-8F8E-B69DDC021EFD}
		{ACFEE76D-4083-33A6-8153-307712B6AF9D} = {ACFEE76D-4083-33A6-8153-307712B6AF9D}
		{CEE015F5-FC18-3DD9-B693-93B810797C82} = {CEE015F5-FC18-3DD9-B693-93B810797C82}
		{863340C0-FCB4-3B80-AAAF-5777223C0E38} = {863340C0-FCB4-3B80-AAAF-5777223C0E38}
		{D011F0ED-98AE-30CB-8003-83C1A9D90289} = {D011F0ED-98AE-30CB-8003-83C1A9D90289}
		{D9BBAFBC-BDC3-3CB7-8A1D-FC68C9F7576B} = {D9BBAFBC-BDC3-3CB7-8A1D-FC68C9F7576B}
		{565F128F-01D1-30B1-AF09-22BE3375BE40} = {565F128F-01D1-30B1-AF09-22BE3375BE40}
		{7B6D818B-6860-3A28-9CB7-1D76EF7D7A6E} = {7B6D818B-6860-3A28-9CB7-1D76EF7D7A6E}
		{08645017-D4CD-3EE5-A1BC-59F9C1A20A9D} = {08645017-D4CD-3EE5-A1BC-59F9C1A20A9D}
		{50545B90-4E0E-3F96-BBC8-613D64AB8AF7} = {50545B90-4E0E-3F96-BBC8-613D64AB8AF7}
		{5B10619D-F483-3ED8-BF49-95EC828742A2} = {5B10619D-F483-3ED8-BF49-95EC828742A2}
		{99D0A808-4FE3-385F-852D-D921ED870CAC} = {99D0A808-4FE3-385F-852D-D921ED870CAC}
		{0E124228-3328-3703-B61A-A3F986EE0DED} = {0E124228-3328-3703-B61A-A3F986EE0DED}
		{077CABE5-D4D8-317E-A0C8-CCDED7F4F65F} = {077CABE5-D4D8-317E-A0C8-CCDED7F4F65F}
	EndProjectSection
EndProject
Project("{8BC9CEB8-8B4A-11D0-8D11-00A0C91BC942}") = "INSTALL", "INSTALL.vcxproj", "{B479428D-8857-3069-91C2-1C0DEDB7EFA4}"
	ProjectSection(ProjectDependencies) = postProject
		{8C2399BA-0E10-3D2F-85C8-F63AA1A75B8B} = {8C2399BA-0E10-3D2F-85C8-F63AA1A75B8B}
		{908F469C-892C-3CFC-B8D2-786E0F580971} = {908F469C-892C-3CFC-B8D2-786E0F580971}
	EndProjectSection
EndProject
Project("{8BC9CEB8-8B4A-11D0-8D11-00A0C91BC942}") = "PACKAGE", "PACKAGE.vcxproj", "{87A53B53-7612-3B5E-8FC9-02B62BECA921}"
	ProjectSection(ProjectDependencies) = postProject
		{8C2399BA-0E10-3D2F-85C8-F63AA1A75B8B} = {8C2399BA-0E10-3D2F-85C8-F63AA1A75B8B}
		{908F469C-892C-3CFC-B8D2-786E0F580971} = {908F469C-892C-3CFC-B8D2-786E0F580971}
	EndProjectSection
EndProject
Project("{8BC9CEB8-8B4A-11D0-8D11-00A0C91BC942}") = "ZERO_CHECK", "ZERO_CHECK.vcxproj", "{908F469C-892C-3CFC-B8D2-786E0F580971}"
	ProjectSection(ProjectDependencies) = postProject
	EndProjectSection
EndProject
Project("{8BC9CEB8-8B4A-11D0-8D11-00A0C91BC942}") = "async", "unittest\libmariadb\async.vcxproj", "{7248A451-7600-3B99-BE9B-11DAA223114D}"
	ProjectSection(ProjectDependencies) = postProject
		{908F469C-892C-3CFC-B8D2-786E0F580971} = {908F469C-892C-3CFC-B8D2-786E0F580971}
		{DEBAD5B9-65AB-3F5B-8EBD-9D5F8E133DBE} = {DEBAD5B9-65AB-3F5B-8EBD-9D5F8E133DBE}
		{73ED68D8-5204-3DF7-AAE2-9A5AE94C676B} = {73ED68D8-5204-3DF7-AAE2-9A5AE94C676B}
		{7DE8AC3D-F1B4-302B-BFB6-B6322356C4A0} = {7DE8AC3D-F1B4-302B-BFB6-B6322356C4A0}
	EndProjectSection
EndProject
Project("{8BC9CEB8-8B4A-11D0-8D11-00A0C91BC942}") = "auth_gssapi_client", "auth_gssapi_client.vcxproj", "{38045B31-78FB-3C2F-AD9F-917016CDE72A}"
	ProjectSection(ProjectDependencies) = postProject
		{908F469C-892C-3CFC-B8D2-786E0F580971} = {908F469C-892C-3CFC-B8D2-786E0F580971}
	EndProjectSection
EndProject
Project("{8BC9CEB8-8B4A-11D0-8D11-00A0C91BC942}") = "basic-t", "unittest\libmariadb\basic-t.vcxproj", "{311252EE-2381-3878-B400-28549B9B995F}"
	ProjectSection(ProjectDependencies) = postProject
		{908F469C-892C-3CFC-B8D2-786E0F580971} = {908F469C-892C-3CFC-B8D2-786E0F580971}
		{DEBAD5B9-65AB-3F5B-8EBD-9D5F8E133DBE} = {DEBAD5B9-65AB-3F5B-8EBD-9D5F8E133DBE}
		{73ED68D8-5204-3DF7-AAE2-9A5AE94C676B} = {73ED68D8-5204-3DF7-AAE2-9A5AE94C676B}
		{7DE8AC3D-F1B4-302B-BFB6-B6322356C4A0} = {7DE8AC3D-F1B4-302B-BFB6-B6322356C4A0}
	EndProjectSection
EndProject
Project("{8BC9CEB8-8B4A-11D0-8D11-00A0C91BC942}") = "bulk1", "unittest\libmariadb\bulk1.vcxproj", "{5F7038AE-5F98-38EF-AF9D-B791EF0BCC66}"
	ProjectSection(ProjectDependencies) = postProject
		{908F469C-892C-3CFC-B8D2-786E0F580971} = {908F469C-892C-3CFC-B8D2-786E0F580971}
		{DEBAD5B9-65AB-3F5B-8EBD-9D5F8E133DBE} = {DEBAD5B9-65AB-3F5B-8EBD-9D5F8E133DBE}
		{73ED68D8-5204-3DF7-AAE2-9A5AE94C676B} = {73ED68D8-5204-3DF7-AAE2-9A5AE94C676B}
		{7DE8AC3D-F1B4-302B-BFB6-B6322356C4A0} = {7DE8AC3D-F1B4-302B-BFB6-B6322356C4A0}
	EndProjectSection
EndProject
Project("{8BC9CEB8-8B4A-11D0-8D11-00A0C91BC942}") = "caching_sha2_password", "caching_sha2_password.vcxproj", "{CE08F11B-141F-3AFF-8011-D2EE6CCD27E2}"
	ProjectSection(ProjectDependencies) = postProject
		{908F469C-892C-3CFC-B8D2-786E0F580971} = {908F469C-892C-3CFC-B8D2-786E0F580971}
	EndProjectSection
EndProject
Project("{8BC9CEB8-8B4A-11D0-8D11-00A0C91BC942}") = "cctap", "unittest\mytap\cctap.vcxproj", "{DEBAD5B9-65AB-3F5B-8EBD-9D5F8E133DBE}"
	ProjectSection(ProjectDependencies) = postProject
		{908F469C-892C-3CFC-B8D2-786E0F580971} = {908F469C-892C-3CFC-B8D2-786E0F580971}
	EndProjectSection
EndProject
Project("{8BC9CEB8-8B4A-11D0-8D11-00A0C91BC942}") = "charset", "unittest\libmariadb\charset.vcxproj", "{5685043B-A413-3705-805B-371700A2C385}"
	ProjectSection(ProjectDependencies) = postProject
		{908F469C-892C-3CFC-B8D2-786E0F580971} = {908F469C-892C-3CFC-B8D2-786E0F580971}
		{DEBAD5B9-65AB-3F5B-8EBD-9D5F8E133DBE} = {DEBAD5B9-65AB-3F5B-8EBD-9D5F8E133DBE}
		{73ED68D8-5204-3DF7-AAE2-9A5AE94C676B} = {73ED68D8-5204-3DF7-AAE2-9A5AE94C676B}
		{7DE8AC3D-F1B4-302B-BFB6-B6322356C4A0} = {7DE8AC3D-F1B4-302B-BFB6-B6322356C4A0}
	EndProjectSection
EndProject
Project("{8BC9CEB8-8B4A-11D0-8D11-00A0C91BC942}") = "client_ed25519", "client_ed25519.vcxproj", "{729681DD-4803-3AD1-AC2E-F8166710204C}"
	ProjectSection(ProjectDependencies) = postProject
		{908F469C-892C-3CFC-B8D2-786E0F580971} = {908F469C-892C-3CFC-B8D2-786E0F580971}
	EndProjectSection
EndProject
Project("{8BC9CEB8-8B4A-11D0-8D11-00A0C91BC942}") = "conc336", "unittest\libmariadb\conc336.vcxproj", "{084D7508-8C01-3A6B-9A8E-C8C97E34E698}"
	ProjectSection(ProjectDependencies) = postProject
		{908F469C-892C-3CFC-B8D2-786E0F580971} = {908F469C-892C-3CFC-B8D2-786E0F580971}
		{DEBAD5B9-65AB-3F5B-8EBD-9D5F8E133DBE} = {DEBAD5B9-65AB-3F5B-8EBD-9D5F8E133DBE}
		{73ED68D8-5204-3DF7-AAE2-9A5AE94C676B} = {73ED68D8-5204-3DF7-AAE2-9A5AE94C676B}
		{7DE8AC3D-F1B4-302B-BFB6-B6322356C4A0} = {7DE8AC3D-F1B4-302B-BFB6-B6322356C4A0}
	EndProjectSection
EndProject
Project("{8BC9CEB8-8B4A-11D0-8D11-00A0C91BC942}") = "connection", "unittest\libmariadb\connection.vcxproj", "{C190AF57-8766-3931-8F2D-209E59327EE8}"
	ProjectSection(ProjectDependencies) = postProject
		{908F469C-892C-3CFC-B8D2-786E0F580971} = {908F469C-892C-3CFC-B8D2-786E0F580971}
		{DEBAD5B9-65AB-3F5B-8EBD-9D5F8E133DBE} = {DEBAD5B9-65AB-3F5B-8EBD-9D5F8E133DBE}
		{73ED68D8-5204-3DF7-AAE2-9A5AE94C676B} = {73ED68D8-5204-3DF7-AAE2-9A5AE94C676B}
		{7DE8AC3D-F1B4-302B-BFB6-B6322356C4A0} = {7DE8AC3D-F1B4-302B-BFB6-B6322356C4A0}
	EndProjectSection
EndProject
Project("{8BC9CEB8-8B4A-11D0-8D11-00A0C91BC942}") = "cursor", "unittest\libmariadb\cursor.vcxproj", "{96F4A6F9-63D4-345E-945F-540C5A631AFA}"
	ProjectSection(ProjectDependencies) = postProject
		{908F469C-892C-3CFC-B8D2-786E0F580971} = {908F469C-892C-3CFC-B8D2-786E0F580971}
		{DEBAD5B9-65AB-3F5B-8EBD-9D5F8E133DBE} = {DEBAD5B9-65AB-3F5B-8EBD-9D5F8E133DBE}
		{73ED68D8-5204-3DF7-AAE2-9A5AE94C676B} = {73ED68D8-5204-3DF7-AAE2-9A5AE94C676B}
		{7DE8AC3D-F1B4-302B-BFB6-B6322356C4A0} = {7DE8AC3D-F1B4-302B-BFB6-B6322356C4A0}
	EndProjectSection
EndProject
Project("{8BC9CEB8-8B4A-11D0-8D11-00A0C91BC942}") = "dialog", "dialog.vcxproj", "{9DC9B3C7-4866-335F-95AA-104BAE8FE5DE}"
	ProjectSection(ProjectDependencies) = postProject
		{908F469C-892C-3CFC-B8D2-786E0F580971} = {908F469C-892C-3CFC-B8D2-786E0F580971}
	EndProjectSection
EndProject
Project("{8BC9CEB8-8B4A-11D0-8D11-00A0C91BC942}") = "dyncol", "unittest\libmariadb\dyncol.vcxproj", "{B626FEE3-20F0-3C6F-9F06-9DD1954E1553}"
	ProjectSection(ProjectDependencies) = postProject
		{908F469C-892C-3CFC-B8D2-786E0F580971} = {908F469C-892C-3CFC-B8D2-786E0F580971}
		{DEBAD5B9-65AB-3F5B-8EBD-9D5F8E133DBE} = {DEBAD5B9-65AB-3F5B-8EBD-9D5F8E133DBE}
		{73ED68D8-5204-3DF7-AAE2-9A5AE94C676B} = {73ED68D8-5204-3DF7-AAE2-9A5AE94C676B}
		{7DE8AC3D-F1B4-302B-BFB6-B6322356C4A0} = {7DE8AC3D-F1B4-302B-BFB6-B6322356C4A0}
	EndProjectSection
EndProject
Project("{8BC9CEB8-8B4A-11D0-8D11-00A0C91BC942}") = "errors", "unittest\libmariadb\errors.vcxproj", "{77510083-DF1C-3466-B6D4-342BD049FB14}"
	ProjectSection(ProjectDependencies) = postProject
		{908F469C-892C-3CFC-B8D2-786E0F580971} = {908F469C-892C-3CFC-B8D2-786E0F580971}
		{DEBAD5B9-65AB-3F5B-8EBD-9D5F8E133DBE} = {DEBAD5B9-65AB-3F5B-8EBD-9D5F8E133DBE}
		{73ED68D8-5204-3DF7-AAE2-9A5AE94C676B} = {73ED68D8-5204-3DF7-AAE2-9A5AE94C676B}
		{7DE8AC3D-F1B4-302B-BFB6-B6322356C4A0} = {7DE8AC3D-F1B4-302B-BFB6-B6322356C4A0}
	EndProjectSection
EndProject
Project("{8BC9CEB8-8B4A-11D0-8D11-00A0C91BC942}") = "features-10_2", "unittest\libmariadb\features-10_2.vcxproj", "{D1079406-4C1A-3889-BB20-3F95723A7A51}"
	ProjectSection(ProjectDependencies) = postProject
		{908F469C-892C-3CFC-B8D2-786E0F580971} = {908F469C-892C-3CFC-B8D2-786E0F580971}
		{DEBAD5B9-65AB-3F5B-8EBD-9D5F8E133DBE} = {DEBAD5B9-65AB-3F5B-8EBD-9D5F8E133DBE}
		{73ED68D8-5204-3DF7-AAE2-9A5AE94C676B} = {73ED68D8-5204-3DF7-AAE2-9A5AE94C676B}
		{7DE8AC3D-F1B4-302B-BFB6-B6322356C4A0} = {7DE8AC3D-F1B4-302B-BFB6-B6322356C4A0}
	EndProjectSection
EndProject
Project("{8BC9CEB8-8B4A-11D0-8D11-00A0C91BC942}") = "fetch", "unittest\libmariadb\fetch.vcxproj", "{EC01CA3F-87B5-316D-89C0-A629976A32C1}"
	ProjectSection(ProjectDependencies) = postProject
		{908F469C-892C-3CFC-B8D2-786E0F580971} = {908F469C-892C-3CFC-B8D2-786E0F580971}
		{DEBAD5B9-65AB-3F5B-8EBD-9D5F8E133DBE} = {DEBAD5B9-65AB-3F5B-8EBD-9D5F8E133DBE}
		{73ED68D8-5204-3DF7-AAE2-9A5AE94C676B} = {73ED68D8-5204-3DF7-AAE2-9A5AE94C676B}
		{7DE8AC3D-F1B4-302B-BFB6-B6322356C4A0} = {7DE8AC3D-F1B4-302B-BFB6-B6322356C4A0}
	EndProjectSection
EndProject
Project("{8BC9CEB8-8B4A-11D0-8D11-00A0C91BC942}") = "libmariadb", "libmariadb\libmariadb.vcxproj", "{91F06918-DFA1-3249-A492-194ACCAED799}"
	ProjectSection(ProjectDependencies) = postProject
		{908F469C-892C-3CFC-B8D2-786E0F580971} = {908F469C-892C-3CFC-B8D2-786E0F580971}
		{7999A5EF-2553-3BE6-9434-96237D345975} = {7999A5EF-2553-3BE6-9434-96237D345975}
	EndProjectSection
EndProject
Project("{8BC9CEB8-8B4A-11D0-8D11-00A0C91BC942}") = "logs", "unittest\libmariadb\logs.vcxproj", "{6FA2A401-874A-3A58-8A2C-2B51960DD4A2}"
	ProjectSection(ProjectDependencies) = postProject
		{908F469C-892C-3CFC-B8D2-786E0F580971} = {908F469C-892C-3CFC-B8D2-786E0F580971}
		{DEBAD5B9-65AB-3F5B-8EBD-9D5F8E133DBE} = {DEBAD5B9-65AB-3F5B-8EBD-9D5F8E133DBE}
		{73ED68D8-5204-3DF7-AAE2-9A5AE94C676B} = {73ED68D8-5204-3DF7-AAE2-9A5AE94C676B}
		{7DE8AC3D-F1B4-302B-BFB6-B6322356C4A0} = {7DE8AC3D-F1B4-302B-BFB6-B6322356C4A0}
	EndProjectSection
EndProject
Project("{8BC9CEB8-8B4A-11D0-8D11-00A0C91BC942}") = "ma_getopt", "unittest\libmariadb\ma_getopt.vcxproj", "{73ED68D8-5204-3DF7-AAE2-9A5AE94C676B}"
	ProjectSection(ProjectDependencies) = postProject
		{908F469C-892C-3CFC-B8D2-786E0F580971} = {908F469C-892C-3CFC-B8D2-786E0F580971}
	EndProjectSection
EndProject
Project("{8BC9CEB8-8B4A-11D0-8D11-00A0C91BC942}") = "mariadb_obj", "libmariadb\mariadb_obj.vcxproj", "{7999A5EF-2553-3BE6-9434-96237D345975}"
	ProjectSection(ProjectDependencies) = postProject
		{908F469C-892C-3CFC-B8D2-786E0F580971} = {908F469C-892C-3CFC-B8D2-786E0F580971}
	EndProjectSection
EndProject
Project("{8BC9CEB8-8B4A-11D0-8D11-00A0C91BC942}") = "mariadbclient", "libmariadb\mariadbclient.vcxproj", "{7DE8AC3D-F1B4-302B-BFB6-B6322356C4A0}"
	ProjectSection(ProjectDependencies) = postProject
		{908F469C-892C-3CFC-B8D2-786E0F580971} = {908F469C-892C-3CFC-B8D2-786E0F580971}
		{7999A5EF-2553-3BE6-9434-96237D345975} = {7999A5EF-2553-3BE6-9434-96237D345975}
	EndProjectSection
EndProject
Project("{8BC9CEB8-8B4A-11D0-8D11-00A0C91BC942}") = "misc", "unittest\libmariadb\misc.vcxproj", "{CA93ADF0-F07E-383A-854A-DC793151E670}"
	ProjectSection(ProjectDependencies) = postProject
		{908F469C-892C-3CFC-B8D2-786E0F580971} = {908F469C-892C-3CFC-B8D2-786E0F580971}
		{DEBAD5B9-65AB-3F5B-8EBD-9D5F8E133DBE} = {DEBAD5B9-65AB-3F5B-8EBD-9D5F8E133DBE}
		{73ED68D8-5204-3DF7-AAE2-9A5AE94C676B} = {73ED68D8-5204-3DF7-AAE2-9A5AE94C676B}
		{7DE8AC3D-F1B4-302B-BFB6-B6322356C4A0} = {7DE8AC3D-F1B4-302B-BFB6-B6322356C4A0}
	EndProjectSection
EndProject
Project("{8BC9CEB8-8B4A-11D0-8D11-00A0C91BC942}") = "mysql_clear_password", "mysql_clear_password.vcxproj", "{6C456F5E-8393-3766-9411-0D53A3571C57}"
	ProjectSection(ProjectDependencies) = postProject
		{908F469C-892C-3CFC-B8D2-786E0F580971} = {908F469C-892C-3CFC-B8D2-786E0F580971}
	EndProjectSection
EndProject
Project("{8BC9CEB8-8B4A-11D0-8D11-00A0C91BC942}") = "performance", "unittest\libmariadb\performance.vcxproj", "{1C541E7B-2846-3C5E-8F8E-B69DDC021EFD}"
	ProjectSection(ProjectDependencies) = postProject
		{908F469C-892C-3CFC-B8D2-786E0F580971} = {908F469C-892C-3CFC-B8D2-786E0F580971}
		{DEBAD5B9-65AB-3F5B-8EBD-9D5F8E133DBE} = {DEBAD5B9-65AB-3F5B-8EBD-9D5F8E133DBE}
		{73ED68D8-5204-3DF7-AAE2-9A5AE94C676B} = {73ED68D8-5204-3DF7-AAE2-9A5AE94C676B}
		{7DE8AC3D-F1B4-302B-BFB6-B6322356C4A0} = {7DE8AC3D-F1B4-302B-BFB6-B6322356C4A0}
	EndProjectSection
EndProject
Project("{8BC9CEB8-8B4A-11D0-8D11-00A0C91BC942}") = "ps", "unittest\libmariadb\ps.vcxproj", "{ACFEE76D-4083-33A6-8153-307712B6AF9D}"
	ProjectSection(ProjectDependencies) = postProject
		{908F469C-892C-3CFC-B8D2-786E0F580971} = {908F469C-892C-3CFC-B8D2-786E0F580971}
		{DEBAD5B9-65AB-3F5B-8EBD-9D5F8E133DBE} = {DEBAD5B9-65AB-3F5B-8EBD-9D5F8E133DBE}
		{73ED68D8-5204-3DF7-AAE2-9A5AE94C676B} = {73ED68D8-5204-3DF7-AAE2-9A5AE94C676B}
		{7DE8AC3D-F1B4-302B-BFB6-B6322356C4A0} = {7DE8AC3D-F1B4-302B-BFB6-B6322356C4A0}
	EndProjectSection
EndProject
Project("{8BC9CEB8-8B4A-11D0-8D11-00A0C91BC942}") = "ps_bugs", "unittest\libmariadb\ps_bugs.vcxproj", "{CEE015F5-FC18-3DD9-B693-93B810797C82}"
	ProjectSection(ProjectDependencies) = postProject
		{908F469C-892C-3CFC-B8D2-786E0F580971} = {908F469C-892C-3CFC-B8D2-786E0F580971}
		{DEBAD5B9-65AB-3F5B-8EBD-9D5F8E133DBE} = {DEBAD5B9-65AB-3F5B-8EBD-9D5F8E133DBE}
		{73ED68D8-5204-3DF7-AAE2-9A5AE94C676B} = {73ED68D8-5204-3DF7-AAE2-9A5AE94C676B}
		{7DE8AC3D-F1B4-302B-BFB6-B6322356C4A0} = {7DE8AC3D-F1B4-302B-BFB6-B6322356C4A0}
	EndProjectSection
EndProject
Project("{8BC9CEB8-8B4A-11D0-8D11-00A0C91BC942}") = "ps_new", "unittest\libmariadb\ps_new.vcxproj", "{863340C0-FCB4-3B80-AAAF-5777223C0E38}"
	ProjectSection(ProjectDependencies) = postProject
		{908F469C-892C-3CFC-B8D2-786E0F580971} = {908F469C-892C-3CFC-B8D2-786E0F580971}
		{DEBAD5B9-65AB-3F5B-8EBD-9D5F8E133DBE} = {DEBAD5B9-65AB-3F5B-8EBD-9D5F8E133DBE}
		{73ED68D8-5204-3DF7-AAE2-9A5AE94C676B} = {73ED68D8-5204-3DF7-AAE2-9A5AE94C676B}
		{7DE8AC3D-F1B4-302B-BFB6-B6322356C4A0} = {7DE8AC3D-F1B4-302B-BFB6-B6322356C4A0}
	EndProjectSection
EndProject
Project("{8BC9CEB8-8B4A-11D0-8D11-00A0C91BC942}") = "pvio_npipe", "pvio_npipe.vcxproj", "{D011F0ED-98AE-30CB-8003-83C1A9D90289}"
	ProjectSection(ProjectDependencies) = postProject
		{908F469C-892C-3CFC-B8D2-786E0F580971} = {908F469C-892C-3CFC-B8D2-786E0F580971}
	EndProjectSection
EndProject
Project("{8BC9CEB8-8B4A-11D0-8D11-00A0C91BC942}") = "pvio_shmem", "pvio_shmem.vcxproj", "{D9BBAFBC-BDC3-3CB7-8A1D-FC68C9F7576B}"
	ProjectSection(ProjectDependencies) = postProject
		{908F469C-892C-3CFC-B8D2-786E0F580971} = {908F469C-892C-3CFC-B8D2-786E0F580971}
	EndProjectSection
EndProject
Project("{8BC9CEB8-8B4A-11D0-8D11-00A0C91BC942}") = "result", "unittest\libmariadb\result.vcxproj", "{565F128F-01D1-30B1-AF09-22BE3375BE40}"
	ProjectSection(ProjectDependencies) = postProject
		{908F469C-892C-3CFC-B8D2-786E0F580971} = {908F469C-892C-3CFC-B8D2-786E0F580971}
		{DEBAD5B9-65AB-3F5B-8EBD-9D5F8E133DBE} = {DEBAD5B9-65AB-3F5B-8EBD-9D5F8E133DBE}
		{73ED68D8-5204-3DF7-AAE2-9A5AE94C676B} = {73ED68D8-5204-3DF7-AAE2-9A5AE94C676B}
		{7DE8AC3D-F1B4-302B-BFB6-B6322356C4A0} = {7DE8AC3D-F1B4-302B-BFB6-B6322356C4A0}
	EndProjectSection
EndProject
Project("{8BC9CEB8-8B4A-11D0-8D11-00A0C91BC942}") = "rpl_api", "unittest\libmariadb\rpl_api.vcxproj", "{7B6D818B-6860-3A28-9CB7-1D76EF7D7A6E}"
	ProjectSection(ProjectDependencies) = postProject
		{908F469C-892C-3CFC-B8D2-786E0F580971} = {908F469C-892C-3CFC-B8D2-786E0F580971}
		{DEBAD5B9-65AB-3F5B-8EBD-9D5F8E133DBE} = {DEBAD5B9-65AB-3F5B-8EBD-9D5F8E133DBE}
		{73ED68D8-5204-3DF7-AAE2-9A5AE94C676B} = {73ED68D8-5204-3DF7-AAE2-9A5AE94C676B}
		{7DE8AC3D-F1B4-302B-BFB6-B6322356C4A0} = {7DE8AC3D-F1B4-302B-BFB6-B6322356C4A0}
	EndProjectSection
EndProject
Project("{8BC9CEB8-8B4A-11D0-8D11-00A0C91BC942}") = "sha256_password", "sha256_password.vcxproj", "{08645017-D4CD-3EE5-A1BC-59F9C1A20A9D}"
	ProjectSection(ProjectDependencies) = postProject
		{908F469C-892C-3CFC-B8D2-786E0F580971} = {908F469C-892C-3CFC-B8D2-786E0F580971}
	EndProjectSection
EndProject
Project("{8BC9CEB8-8B4A-11D0-8D11-00A0C91BC942}") = "sp", "unittest\libmariadb\sp.vcxproj", "{50545B90-4E0E-3F96-BBC8-613D64AB8AF7}"
	ProjectSection(ProjectDependencies) = postProject
		{908F469C-892C-3CFC-B8D2-786E0F580971} = {908F469C-892C-3CFC-B8D2-786E0F580971}
		{DEBAD5B9-65AB-3F5B-8EBD-9D5F8E133DBE} = {DEBAD5B9-65AB-3F5B-8EBD-9D5F8E133DBE}
		{73ED68D8-5204-3DF7-AAE2-9A5AE94C676B} = {73ED68D8-5204-3DF7-AAE2-9A5AE94C676B}
		{7DE8AC3D-F1B4-302B-BFB6-B6322356C4A0} = {7DE8AC3D-F1B4-302B-BFB6-B6322356C4A0}
	EndProjectSection
EndProject
Project("{8BC9CEB8-8B4A-11D0-8D11-00A0C91BC942}") = "t_aurora", "unittest\libmariadb\t_aurora.vcxproj", "{5B10619D-F483-3ED8-BF49-95EC828742A2}"
	ProjectSection(ProjectDependencies) = postProject
		{908F469C-892C-3CFC-B8D2-786E0F580971} = {908F469C-892C-3CFC-B8D2-786E0F580971}
		{DEBAD5B9-65AB-3F5B-8EBD-9D5F8E133DBE} = {DEBAD5B9-65AB-3F5B-8EBD-9D5F8E133DBE}
		{73ED68D8-5204-3DF7-AAE2-9A5AE94C676B} = {73ED68D8-5204-3DF7-AAE2-9A5AE94C676B}
		{7DE8AC3D-F1B4-302B-BFB6-B6322356C4A0} = {7DE8AC3D-F1B4-302B-BFB6-B6322356C4A0}
	EndProjectSection
EndProject
Project("{8BC9CEB8-8B4A-11D0-8D11-00A0C91BC942}") = "t_conc173", "unittest\libmariadb\t_conc173.vcxproj", "{99D0A808-4FE3-385F-852D-D921ED870CAC}"
	ProjectSection(ProjectDependencies) = postProject
		{908F469C-892C-3CFC-B8D2-786E0F580971} = {908F469C-892C-3CFC-B8D2-786E0F580971}
		{DEBAD5B9-65AB-3F5B-8EBD-9D5F8E133DBE} = {DEBAD5B9-65AB-3F5B-8EBD-9D5F8E133DBE}
		{73ED68D8-5204-3DF7-AAE2-9A5AE94C676B} = {73ED68D8-5204-3DF7-AAE2-9A5AE94C676B}
		{7DE8AC3D-F1B4-302B-BFB6-B6322356C4A0} = {7DE8AC3D-F1B4-302B-BFB6-B6322356C4A0}
	EndProjectSection
EndProject
Project("{8BC9CEB8-8B4A-11D0-8D11-00A0C91BC942}") = "thread", "unittest\libmariadb\thread.vcxproj", "{0E124228-3328-3703-B61A-A3F986EE0DED}"
	ProjectSection(ProjectDependencies) = postProject
		{908F469C-892C-3CFC-B8D2-786E0F580971} = {908F469C-892C-3CFC-B8D2-786E0F580971}
		{DEBAD5B9-65AB-3F5B-8EBD-9D5F8E133DBE} = {DEBAD5B9-65AB-3F5B-8EBD-9D5F8E133DBE}
		{73ED68D8-5204-3DF7-AAE2-9A5AE94C676B} = {73ED68D8-5204-3DF7-AAE2-9A5AE94C676B}
		{7DE8AC3D-F1B4-302B-BFB6-B6322356C4A0} = {7DE8AC3D-F1B4-302B-BFB6-B6322356C4A0}
	EndProjectSection
EndProject
Project("{8BC9CEB8-8B4A-11D0-8D11-00A0C91BC942}") = "view", "unittest\libmariadb\view.vcxproj", "{077CABE5-D4D8-317E-A0C8-CCDED7F4F65F}"
	ProjectSection(ProjectDependencies) = postProject
		{908F469C-892C-3CFC-B8D2-786E0F580971} = {908F469C-892C-3CFC-B8D2-786E0F580971}
		{DEBAD5B9-65AB-3F5B-8EBD-9D5F8E133DBE} = {DEBAD5B9-65AB-3F5B-8EBD-9D5F8E133DBE}
		{73ED68D8-5204-3DF7-AAE2-9A5AE94C676B} = {73ED68D8-5204-3DF7-AAE2-9A5AE94C676B}
		{7DE8AC3D-F1B4-302B-BFB6-B6322356C4A0} = {7DE8AC3D-F1B4-302B-BFB6-B6322356C4A0}
	EndProjectSection
EndProject
Global
	GlobalSection(SolutionConfigurationPlatforms) = preSolution
		Debug|Win32 = Debug|Win32
		Release|Win32 = Release|Win32
		MinSizeRel|Win32 = MinSizeRel|Win32
		RelWithDebInfo|Win32 = RelWithDebInfo|Win32
	EndGlobalSection
	GlobalSection(ProjectConfigurationPlatforms) = postSolution
		{8C2399BA-0E10-3D2F-85C8-F63AA1A75B8B}.Debug|Win32.ActiveCfg = Debug|Win32
		{8C2399BA-0E10-3D2F-85C8-F63AA1A75B8B}.Debug|Win32.Build.0 = Debug|Win32
		{8C2399BA-0E10-3D2F-85C8-F63AA1A75B8B}.Release|Win32.ActiveCfg = Release|Win32
		{8C2399BA-0E10-3D2F-85C8-F63AA1A75B8B}.Release|Win32.Build.0 = Release|Win32
		{8C2399BA-0E10-3D2F-85C8-F63AA1A75B8B}.MinSizeRel|Win32.ActiveCfg = MinSizeRel|Win32
		{8C2399BA-0E10-3D2F-85C8-F63AA1A75B8B}.MinSizeRel|Win32.Build.0 = MinSizeRel|Win32
		{8C2399BA-0E10-3D2F-85C8-F63AA1A75B8B}.RelWithDebInfo|Win32.ActiveCfg = RelWithDebInfo|Win32
		{8C2399BA-0E10-3D2F-85C8-F63AA1A75B8B}.RelWithDebInfo|Win32.Build.0 = RelWithDebInfo|Win32
		{B479428D-8857-3069-91C2-1C0DEDB7EFA4}.Debug|Win32.ActiveCfg = Debug|Win32
		{B479428D-8857-3069-91C2-1C0DEDB7EFA4}.Release|Win32.ActiveCfg = Release|Win32
		{B479428D-8857-3069-91C2-1C0DEDB7EFA4}.MinSizeRel|Win32.ActiveCfg = MinSizeRel|Win32
		{B479428D-8857-3069-91C2-1C0DEDB7EFA4}.RelWithDebInfo|Win32.ActiveCfg = RelWithDebInfo|Win32
		{87A53B53-7612-3B5E-8FC9-02B62BECA921}.Debug|Win32.ActiveCfg = Debug|Win32
		{87A53B53-7612-3B5E-8FC9-02B62BECA921}.Release|Win32.ActiveCfg = Release|Win32
		{87A53B53-7612-3B5E-8FC9-02B62BECA921}.MinSizeRel|Win32.ActiveCfg = MinSizeRel|Win32
		{87A53B53-7612-3B5E-8FC9-02B62BECA921}.RelWithDebInfo|Win32.ActiveCfg = RelWithDebInfo|Win32
		{908F469C-892C-3CFC-B8D2-786E0F580971}.Debug|Win32.ActiveCfg = Debug|Win32
		{908F469C-892C-3CFC-B8D2-786E0F580971}.Debug|Win32.Build.0 = Debug|Win32
		{908F469C-892C-3CFC-B8D2-786E0F580971}.Release|Win32.ActiveCfg = Release|Win32
		{908F469C-892C-3CFC-B8D2-786E0F580971}.Release|Win32.Build.0 = Release|Win32
		{908F469C-892C-3CFC-B8D2-786E0F580971}.MinSizeRel|Win32.ActiveCfg = MinSizeRel|Win32
		{908F469C-892C-3CFC-B8D2-786E0F580971}.MinSizeRel|Win32.Build.0 = MinSizeRel|Win32
		{908F469C-892C-3CFC-B8D2-786E0F580971}.RelWithDebInfo|Win32.ActiveCfg = RelWithDebInfo|Win32
		{908F469C-892C-3CFC-B8D2-786E0F580971}.RelWithDebInfo|Win32.Build.0 = RelWithDebInfo|Win32
		{7248A451-7600-3B99-BE9B-11DAA223114D}.Debug|Win32.ActiveCfg = Debug|Win32
		{7248A451-7600-3B99-BE9B-11DAA223114D}.Debug|Win32.Build.0 = Debug|Win32
		{7248A451-7600-3B99-BE9B-11DAA223114D}.Release|Win32.ActiveCfg = Release|Win32
		{7248A451-7600-3B99-BE9B-11DAA223114D}.Release|Win32.Build.0 = Release|Win32
		{7248A451-7600-3B99-BE9B-11DAA223114D}.MinSizeRel|Win32.ActiveCfg = MinSizeRel|Win32
		{7248A451-7600-3B99-BE9B-11DAA223114D}.MinSizeRel|Win32.Build.0 = MinSizeRel|Win32
		{7248A451-7600-3B99-BE9B-11DAA223114D}.RelWithDebInfo|Win32.ActiveCfg = RelWithDebInfo|Win32
		{7248A451-7600-3B99-BE9B-11DAA223114D}.RelWithDebInfo|Win32.Build.0 = RelWithDebInfo|Win32
		{38045B31-78FB-3C2F-AD9F-917016CDE72A}.Debug|Win32.ActiveCfg = Debug|Win32
		{38045B31-78FB-3C2F-AD9F-917016CDE72A}.Debug|Win32.Build.0 = Debug|Win32
		{38045B31-78FB-3C2F-AD9F-917016CDE72A}.Release|Win32.ActiveCfg = Release|Win32
		{38045B31-78FB-3C2F-AD9F-917016CDE72A}.Release|Win32.Build.0 = Release|Win32
		{38045B31-78FB-3C2F-AD9F-917016CDE72A}.MinSizeRel|Win32.ActiveCfg = MinSizeRel|Win32
		{38045B31-78FB-3C2F-AD9F-917016CDE72A}.MinSizeRel|Win32.Build.0 = MinSizeRel|Win32
		{38045B31-78FB-3C2F-AD9F-917016CDE72A}.RelWithDebInfo|Win32.ActiveCfg = RelWithDebInfo|Win32
		{38045B31-78FB-3C2F-AD9F-917016CDE72A}.RelWithDebInfo|Win32.Build.0 = RelWithDebInfo|Win32
		{311252EE-2381-3878-B400-28549B9B995F}.Debug|Win32.ActiveCfg = Debug|Win32
		{311252EE-2381-3878-B400-28549B9B995F}.Debug|Win32.Build.0 = Debug|Win32
		{311252EE-2381-3878-B400-28549B9B995F}.Release|Win32.ActiveCfg = Release|Win32
		{311252EE-2381-3878-B400-28549B9B995F}.Release|Win32.Build.0 = Release|Win32
		{311252EE-2381-3878-B400-28549B9B995F}.MinSizeRel|Win32.ActiveCfg = MinSizeRel|Win32
		{311252EE-2381-3878-B400-28549B9B995F}.MinSizeRel|Win32.Build.0 = MinSizeRel|Win32
		{311252EE-2381-3878-B400-28549B9B995F}.RelWithDebInfo|Win32.ActiveCfg = RelWithDebInfo|Win32
		{311252EE-2381-3878-B400-28549B9B995F}.RelWithDebInfo|Win32.Build.0 = RelWithDebInfo|Win32
		{5F7038AE-5F98-38EF-AF9D-B791EF0BCC66}.Debug|Win32.ActiveCfg = Debug|Win32
		{5F7038AE-5F98-38EF-AF9D-B791EF0BCC66}.Debug|Win32.Build.0 = Debug|Win32
		{5F7038AE-5F98-38EF-AF9D-B791EF0BCC66}.Release|Win32.ActiveCfg = Release|Win32
		{5F7038AE-5F98-38EF-AF9D-B791EF0BCC66}.Release|Win32.Build.0 = Release|Win32
		{5F7038AE-5F98-38EF-AF9D-B791EF0BCC66}.MinSizeRel|Win32.ActiveCfg = MinSizeRel|Win32
		{5F7038AE-5F98-38EF-AF9D-B791EF0BCC66}.MinSizeRel|Win32.Build.0 = MinSizeRel|Win32
		{5F7038AE-5F98-38EF-AF9D-B791EF0BCC66}.RelWithDebInfo|Win32.ActiveCfg = RelWithDebInfo|Win32
		{5F7038AE-5F98-38EF-AF9D-B791EF0BCC66}.RelWithDebInfo|Win32.Build.0 = RelWithDebInfo|Win32
		{CE08F11B-141F-3AFF-8011-D2EE6CCD27E2}.Debug|Win32.ActiveCfg = Debug|Win32
		{CE08F11B-141F-3AFF-8011-D2EE6CCD27E2}.Debug|Win32.Build.0 = Debug|Win32
		{CE08F11B-141F-3AFF-8011-D2EE6CCD27E2}.Release|Win32.ActiveCfg = Release|Win32
		{CE08F11B-141F-3AFF-8011-D2EE6CCD27E2}.Release|Win32.Build.0 = Release|Win32
		{CE08F11B-141F-3AFF-8011-D2EE6CCD27E2}.MinSizeRel|Win32.ActiveCfg = MinSizeRel|Win32
		{CE08F11B-141F-3AFF-8011-D2EE6CCD27E2}.MinSizeRel|Win32.Build.0 = MinSizeRel|Win32
		{CE08F11B-141F-3AFF-8011-D2EE6CCD27E2}.RelWithDebInfo|Win32.ActiveCfg = RelWithDebInfo|Win32
		{CE08F11B-141F-3AFF-8011-D2EE6CCD27E2}.RelWithDebInfo|Win32.Build.0 = RelWithDebInfo|Win32
		{DEBAD5B9-65AB-3F5B-8EBD-9D5F8E133DBE}.Debug|Win32.ActiveCfg = Debug|Win32
		{DEBAD5B9-65AB-3F5B-8EBD-9D5F8E133DBE}.Debug|Win32.Build.0 = Debug|Win32
		{DEBAD5B9-65AB-3F5B-8EBD-9D5F8E133DBE}.Release|Win32.ActiveCfg = Release|Win32
		{DEBAD5B9-65AB-3F5B-8EBD-9D5F8E133DBE}.Release|Win32.Build.0 = Release|Win32
		{DEBAD5B9-65AB-3F5B-8EBD-9D5F8E133DBE}.MinSizeRel|Win32.ActiveCfg = MinSizeRel|Win32
		{DEBAD5B9-65AB-3F5B-8EBD-9D5F8E133DBE}.MinSizeRel|Win32.Build.0 = MinSizeRel|Win32
		{DEBAD5B9-65AB-3F5B-8EBD-9D5F8E133DBE}.RelWithDebInfo|Win32.ActiveCfg = RelWithDebInfo|Win32
		{DEBAD5B9-65AB-3F5B-8EBD-9D5F8E133DBE}.RelWithDebInfo|Win32.Build.0 = RelWithDebInfo|Win32
		{5685043B-A413-3705-805B-371700A2C385}.Debug|Win32.ActiveCfg = Debug|Win32
		{5685043B-A413-3705-805B-371700A2C385}.Debug|Win32.Build.0 = Debug|Win32
		{5685043B-A413-3705-805B-371700A2C385}.Release|Win32.ActiveCfg = Release|Win32
		{5685043B-A413-3705-805B-371700A2C385}.Release|Win32.Build.0 = Release|Win32
		{5685043B-A413-3705-805B-371700A2C385}.MinSizeRel|Win32.ActiveCfg = MinSizeRel|Win32
		{5685043B-A413-3705-805B-371700A2C385}.MinSizeRel|Win32.Build.0 = MinSizeRel|Win32
		{5685043B-A413-3705-805B-371700A2C385}.RelWithDebInfo|Win32.ActiveCfg = RelWithDebInfo|Win32
		{5685043B-A413-3705-805B-371700A2C385}.RelWithDebInfo|Win32.Build.0 = RelWithDebInfo|Win32
		{729681DD-4803-3AD1-AC2E-F8166710204C}.Debug|Win32.ActiveCfg = Debug|Win32
		{729681DD-4803-3AD1-AC2E-F8166710204C}.Debug|Win32.Build.0 = Debug|Win32
		{729681DD-4803-3AD1-AC2E-F8166710204C}.Release|Win32.ActiveCfg = Release|Win32
		{729681DD-4803-3AD1-AC2E-F8166710204C}.Release|Win32.Build.0 = Release|Win32
		{729681DD-4803-3AD1-AC2E-F8166710204C}.MinSizeRel|Win32.ActiveCfg = MinSizeRel|Win32
		{729681DD-4803-3AD1-AC2E-F8166710204C}.MinSizeRel|Win32.Build.0 = MinSizeRel|Win32
		{729681DD-4803-3AD1-AC2E-F8166710204C}.RelWithDebInfo|Win32.ActiveCfg = RelWithDebInfo|Win32
		{729681DD-4803-3AD1-AC2E-F8166710204C}.RelWithDebInfo|Win32.Build.0 = RelWithDebInfo|Win32
		{084D7508-8C01-3A6B-9A8E-C8C97E34E698}.Debug|Win32.ActiveCfg = Debug|Win32
		{084D7508-8C01-3A6B-9A8E-C8C97E34E698}.Debug|Win32.Build.0 = Debug|Win32
		{084D7508-8C01-3A6B-9A8E-C8C97E34E698}.Release|Win32.ActiveCfg = Release|Win32
		{084D7508-8C01-3A6B-9A8E-C8C97E34E698}.Release|Win32.Build.0 = Release|Win32
		{084D7508-8C01-3A6B-9A8E-C8C97E34E698}.MinSizeRel|Win32.ActiveCfg = MinSizeRel|Win32
		{084D7508-8C01-3A6B-9A8E-C8C97E34E698}.MinSizeRel|Win32.Build.0 = MinSizeRel|Win32
		{084D7508-8C01-3A6B-9A8E-C8C97E34E698}.RelWithDebInfo|Win32.ActiveCfg = RelWithDebInfo|Win32
		{084D7508-8C01-3A6B-9A8E-C8C97E34E698}.RelWithDebInfo|Win32.Build.0 = RelWithDebInfo|Win32
		{C190AF57-8766-3931-8F2D-209E59327EE8}.Debug|Win32.ActiveCfg = Debug|Win32
		{C190AF57-8766-3931-8F2D-209E59327EE8}.Debug|Win32.Build.0 = Debug|Win32
		{C190AF57-8766-3931-8F2D-209E59327EE8}.Release|Win32.ActiveCfg = Release|Win32
		{C190AF57-8766-3931-8F2D-209E59327EE8}.Release|Win32.Build.0 = Release|Win32
		{C190AF57-8766-3931-8F2D-209E59327EE8}.MinSizeRel|Win32.ActiveCfg = MinSizeRel|Win32
		{C190AF57-8766-3931-8F2D-209E59327EE8}.MinSizeRel|Win32.Build.0 = MinSizeRel|Win32
		{C190AF57-8766-3931-8F2D-209E59327EE8}.RelWithDebInfo|Win32.ActiveCfg = RelWithDebInfo|Win32
		{C190AF57-8766-3931-8F2D-209E59327EE8}.RelWithDebInfo|Win32.Build.0 = RelWithDebInfo|Win32
		{96F4A6F9-63D4-345E-945F-540C5A631AFA}.Debug|Win32.ActiveCfg = Debug|Win32
		{96F4A6F9-63D4-345E-945F-540C5A631AFA}.Debug|Win32.Build.0 = Debug|Win32
		{96F4A6F9-63D4-345E-945F-540C5A631AFA}.Release|Win32.ActiveCfg = Release|Win32
		{96F4A6F9-63D4-345E-945F-540C5A631AFA}.Release|Win32.Build.0 = Release|Win32
		{96F4A6F9-63D4-345E-945F-540C5A631AFA}.MinSizeRel|Win32.ActiveCfg = MinSizeRel|Win32
		{96F4A6F9-63D4-345E-945F-540C5A631AFA}.MinSizeRel|Win32.Build.0 = MinSizeRel|Win32
		{96F4A6F9-63D4-345E-945F-540C5A631AFA}.RelWithDebInfo|Win32.ActiveCfg = RelWithDebInfo|Win32
		{96F4A6F9-63D4-345E-945F-540C5A631AFA}.RelWithDebInfo|Win32.Build.0 = RelWithDebInfo|Win32
		{9DC9B3C7-4866-335F-95AA-104BAE8FE5DE}.Debug|Win32.ActiveCfg = Debug|Win32
		{9DC9B3C7-4866-335F-95AA-104BAE8FE5DE}.Debug|Win32.Build.0 = Debug|Win32
		{9DC9B3C7-4866-335F-95AA-104BAE8FE5DE}.Release|Win32.ActiveCfg = Release|Win32
		{9DC9B3C7-4866-335F-95AA-104BAE8FE5DE}.Release|Win32.Build.0 = Release|Win32
		{9DC9B3C7-4866-335F-95AA-104BAE8FE5DE}.MinSizeRel|Win32.ActiveCfg = MinSizeRel|Win32
		{9DC9B3C7-4866-335F-95AA-104BAE8FE5DE}.MinSizeRel|Win32.Build.0 = MinSizeRel|Win32
		{9DC9B3C7-4866-335F-95AA-104BAE8FE5DE}.RelWithDebInfo|Win32.ActiveCfg = RelWithDebInfo|Win32
		{9DC9B3C7-4866-335F-95AA-104BAE8FE5DE}.RelWithDebInfo|Win32.Build.0 = RelWithDebInfo|Win32
		{B626FEE3-20F0-3C6F-9F06-9DD1954E1553}.Debug|Win32.ActiveCfg = Debug|Win32
		{B626FEE3-20F0-3C6F-9F06-9DD1954E1553}.Debug|Win32.Build.0 = Debug|Win32
		{B626FEE3-20F0-3C6F-9F06-9DD1954E1553}.Release|Win32.ActiveCfg = Release|Win32
		{B626FEE3-20F0-3C6F-9F06-9DD1954E1553}.Release|Win32.Build.0 = Release|Win32
		{B626FEE3-20F0-3C6F-9F06-9DD1954E1553}.MinSizeRel|Win32.ActiveCfg = MinSizeRel|Win32
		{B626FEE3-20F0-3C6F-9F06-9DD1954E1553}.MinSizeRel|Win32.Build.0 = MinSizeRel|Win32
		{B626FEE3-20F0-3C6F-9F06-9DD1954E1553}.RelWithDebInfo|Win32.ActiveCfg = RelWithDebInfo|Win32
		{B626FEE3-20F0-3C6F-9F06-9DD1954E1553}.RelWithDebInfo|Win32.Build.0 = RelWithDebInfo|Win32
		{77510083-DF1C-3466-B6D4-342BD049FB14}.Debug|Win32.ActiveCfg = Debug|Win32
		{77510083-DF1C-3466-B6D4-342BD049FB14}.Debug|Win32.Build.0 = Debug|Win32
		{77510083-DF1C-3466-B6D4-342BD049FB14}.Release|Win32.ActiveCfg = Release|Win32
		{77510083-DF1C-3466-B6D4-342BD049FB14}.Release|Win32.Build.0 = Release|Win32
		{77510083-DF1C-3466-B6D4-342BD049FB14}.MinSizeRel|Win32.ActiveCfg = MinSizeRel|Win32
		{77510083-DF1C-3466-B6D4-342BD049FB14}.MinSizeRel|Win32.Build.0 = MinSizeRel|Win32
		{77510083-DF1C-3466-B6D4-342BD049FB14}.RelWithDebInfo|Win32.ActiveCfg = RelWithDebInfo|Win32
		{77510083-DF1C-3466-B6D4-342BD049FB14}.RelWithDebInfo|Win32.Build.0 = RelWithDebInfo|Win32
		{D1079406-4C1A-3889-BB20-3F95723A7A51}.Debug|Win32.ActiveCfg = Debug|Win32
		{D1079406-4C1A-3889-BB20-3F95723A7A51}.Debug|Win32.Build.0 = Debug|Win32
		{D1079406-4C1A-3889-BB20-3F95723A7A51}.Release|Win32.ActiveCfg = Release|Win32
		{D1079406-4C1A-3889-BB20-3F95723A7A51}.Release|Win32.Build.0 = Release|Win32
		{D1079406-4C1A-3889-BB20-3F95723A7A51}.MinSizeRel|Win32.ActiveCfg = MinSizeRel|Win32
		{D1079406-4C1A-3889-BB20-3F95723A7A51}.MinSizeRel|Win32.Build.0 = MinSizeRel|Win32
		{D1079406-4C1A-3889-BB20-3F95723A7A51}.RelWithDebInfo|Win32.ActiveCfg = RelWithDebInfo|Win32
		{D1079406-4C1A-3889-BB20-3F95723A7A51}.RelWithDebInfo|Win32.Build.0 = RelWithDebInfo|Win32
		{EC01CA3F-87B5-316D-89C0-A629976A32C1}.Debug|Win32.ActiveCfg = Debug|Win32
		{EC01CA3F-87B5-316D-89C0-A629976A32C1}.Debug|Win32.Build.0 = Debug|Win32
		{EC01CA3F-87B5-316D-89C0-A629976A32C1}.Release|Win32.ActiveCfg = Release|Win32
		{EC01CA3F-87B5-316D-89C0-A629976A32C1}.Release|Win32.Build.0 = Release|Win32
		{EC01CA3F-87B5-316D-89C0-A629976A32C1}.MinSizeRel|Win32.ActiveCfg = MinSizeRel|Win32
		{EC01CA3F-87B5-316D-89C0-A629976A32C1}.MinSizeRel|Win32.Build.0 = MinSizeRel|Win32
		{EC01CA3F-87B5-316D-89C0-A629976A32C1}.RelWithDebInfo|Win32.ActiveCfg = RelWithDebInfo|Win32
		{EC01CA3F-87B5-316D-89C0-A629976A32C1}.RelWithDebInfo|Win32.Build.0 = RelWithDebInfo|Win32
		{91F06918-DFA1-3249-A492-194ACCAED799}.Debug|Win32.ActiveCfg = Debug|Win32
		{91F06918-DFA1-3249-A492-194ACCAED799}.Debug|Win32.Build.0 = Debug|Win32
		{91F06918-DFA1-3249-A492-194ACCAED799}.Release|Win32.ActiveCfg = Release|Win32
		{91F06918-DFA1-3249-A492-194ACCAED799}.Release|Win32.Build.0 = Release|Win32
		{91F06918-DFA1-3249-A492-194ACCAED799}.MinSizeRel|Win32.ActiveCfg = MinSizeRel|Win32
		{91F06918-DFA1-3249-A492-194ACCAED799}.MinSizeRel|Win32.Build.0 = MinSizeRel|Win32
		{91F06918-DFA1-3249-A492-194ACCAED799}.RelWithDebInfo|Win32.ActiveCfg = RelWithDebInfo|Win32
		{91F06918-DFA1-3249-A492-194ACCAED799}.RelWithDebInfo|Win32.Build.0 = RelWithDebInfo|Win32
		{6FA2A401-874A-3A58-8A2C-2B51960DD4A2}.Debug|Win32.ActiveCfg = Debug|Win32
		{6FA2A401-874A-3A58-8A2C-2B51960DD4A2}.Debug|Win32.Build.0 = Debug|Win32
		{6FA2A401-874A-3A58-8A2C-2B51960DD4A2}.Release|Win32.ActiveCfg = Release|Win32
		{6FA2A401-874A-3A58-8A2C-2B51960DD4A2}.Release|Win32.Build.0 = Release|Win32
		{6FA2A401-874A-3A58-8A2C-2B51960DD4A2}.MinSizeRel|Win32.ActiveCfg = MinSizeRel|Win32
		{6FA2A401-874A-3A58-8A2C-2B51960DD4A2}.MinSizeRel|Win32.Build.0 = MinSizeRel|Win32
		{6FA2A401-874A-3A58-8A2C-2B51960DD4A2}.RelWithDebInfo|Win32.ActiveCfg = RelWithDebInfo|Win32
		{6FA2A401-874A-3A58-8A2C-2B51960DD4A2}.RelWithDebInfo|Win32.Build.0 = RelWithDebInfo|Win32
		{73ED68D8-5204-3DF7-AAE2-9A5AE94C676B}.Debug|Win32.ActiveCfg = Debug|Win32
		{73ED68D8-5204-3DF7-AAE2-9A5AE94C676B}.Debug|Win32.Build.0 = Debug|Win32
		{73ED68D8-5204-3DF7-AAE2-9A5AE94C676B}.Release|Win32.ActiveCfg = Release|Win32
		{73ED68D8-5204-3DF7-AAE2-9A5AE94C676B}.Release|Win32.Build.0 = Release|Win32
		{73ED68D8-5204-3DF7-AAE2-9A5AE94C676B}.MinSizeRel|Win32.ActiveCfg = MinSizeRel|Win32
		{73ED68D8-5204-3DF7-AAE2-9A5AE94C676B}.MinSizeRel|Win32.Build.0 = MinSizeRel|Win32
		{73ED68D8-5204-3DF7-AAE2-9A5AE94C676B}.RelWithDebInfo|Win32.ActiveCfg = RelWithDebInfo|Win32
		{73ED68D8-5204-3DF7-AAE2-9A5AE94C676B}.RelWithDebInfo|Win32.Build.0 = RelWithDebInfo|Win32
		{7999A5EF-2553-3BE6-9434-96237D345975}.Debug|Win32.ActiveCfg = Debug|Win32
		{7999A5EF-2553-3BE6-9434-96237D345975}.Debug|Win32.Build.0 = Debug|Win32
		{7999A5EF-2553-3BE6-9434-96237D345975}.Release|Win32.ActiveCfg = Release|Win32
		{7999A5EF-2553-3BE6-9434-96237D345975}.Release|Win32.Build.0 = Release|Win32
		{7999A5EF-2553-3BE6-9434-96237D345975}.MinSizeRel|Win32.ActiveCfg = MinSizeRel|Win32
		{7999A5EF-2553-3BE6-9434-96237D345975}.MinSizeRel|Win32.Build.0 = MinSizeRel|Win32
		{7999A5EF-2553-3BE6-9434-96237D345975}.RelWithDebInfo|Win32.ActiveCfg = RelWithDebInfo|Win32
		{7999A5EF-2553-3BE6-9434-96237D345975}.RelWithDebInfo|Win32.Build.0 = RelWithDebInfo|Win32
		{7DE8AC3D-F1B4-302B-BFB6-B6322356C4A0}.Debug|Win32.ActiveCfg = Debug|Win32
		{7DE8AC3D-F1B4-302B-BFB6-B6322356C4A0}.Debug|Win32.Build.0 = Debug|Win32
		{7DE8AC3D-F1B4-302B-BFB6-B6322356C4A0}.Release|Win32.ActiveCfg = Release|Win32
		{7DE8AC3D-F1B4-302B-BFB6-B6322356C4A0}.Release|Win32.Build.0 = Release|Win32
		{7DE8AC3D-F1B4-302B-BFB6-B6322356C4A0}.MinSizeRel|Win32.ActiveCfg = MinSizeRel|Win32
		{7DE8AC3D-F1B4-302B-BFB6-B6322356C4A0}.MinSizeRel|Win32.Build.0 = MinSizeRel|Win32
		{7DE8AC3D-F1B4-302B-BFB6-B6322356C4A0}.RelWithDebInfo|Win32.ActiveCfg = RelWithDebInfo|Win32
		{7DE8AC3D-F1B4-302B-BFB6-B6322356C4A0}.RelWithDebInfo|Win32.Build.0 = RelWithDebInfo|Win32
		{CA93ADF0-F07E-383A-854A-DC793151E670}.Debug|Win32.ActiveCfg = Debug|Win32
		{CA93ADF0-F07E-383A-854A-DC793151E670}.Debug|Win32.Build.0 = Debug|Win32
		{CA93ADF0-F07E-383A-854A-DC793151E670}.Release|Win32.ActiveCfg = Release|Win32
		{CA93ADF0-F07E-383A-854A-DC793151E670}.Release|Win32.Build.0 = Release|Win32
		{CA93ADF0-F07E-383A-854A-DC793151E670}.MinSizeRel|Win32.ActiveCfg = MinSizeRel|Win32
		{CA93ADF0-F07E-383A-854A-DC793151E670}.MinSizeRel|Win32.Build.0 = MinSizeRel|Win32
		{CA93ADF0-F07E-383A-854A-DC793151E670}.RelWithDebInfo|Win32.ActiveCfg = RelWithDebInfo|Win32
		{CA93ADF0-F07E-383A-854A-DC793151E670}.RelWithDebInfo|Win32.Build.0 = RelWithDebInfo|Win32
		{6C456F5E-8393-3766-9411-0D53A3571C57}.Debug|Win32.ActiveCfg = Debug|Win32
		{6C456F5E-8393-3766-9411-0D53A3571C57}.Debug|Win32.Build.0 = Debug|Win32
		{6C456F5E-8393-3766-9411-0D53A3571C57}.Release|Win32.ActiveCfg = Release|Win32
		{6C456F5E-8393-3766-9411-0D53A3571C57}.Release|Win32.Build.0 = Release|Win32
		{6C456F5E-8393-3766-9411-0D53A3571C57}.MinSizeRel|Win32.ActiveCfg = MinSizeRel|Win32
		{6C456F5E-8393-3766-9411-0D53A3571C57}.MinSizeRel|Win32.Build.0 = MinSizeRel|Win32
		{6C456F5E-8393-3766-9411-0D53A3571C57}.RelWithDebInfo|Win32.ActiveCfg = RelWithDebInfo|Win32
		{6C456F5E-8393-3766-9411-0D53A3571C57}.RelWithDebInfo|Win32.Build.0 = RelWithDebInfo|Win32
		{1C541E7B-2846-3C5E-8F8E-B69DDC021EFD}.Debug|Win32.ActiveCfg = Debug|Win32
		{1C541E7B-2846-3C5E-8F8E-B69DDC021EFD}.Debug|Win32.Build.0 = Debug|Win32
		{1C541E7B-2846-3C5E-8F8E-B69DDC021EFD}.Release|Win32.ActiveCfg = Release|Win32
		{1C541E7B-2846-3C5E-8F8E-B69DDC021EFD}.Release|Win32.Build.0 = Release|Win32
		{1C541E7B-2846-3C5E-8F8E-B69DDC021EFD}.MinSizeRel|Win32.ActiveCfg = MinSizeRel|Win32
		{1C541E7B-2846-3C5E-8F8E-B69DDC021EFD}.MinSizeRel|Win32.Build.0 = MinSizeRel|Win32
		{1C541E7B-2846-3C5E-8F8E-B69DDC021EFD}.RelWithDebInfo|Win32.ActiveCfg = RelWithDebInfo|Win32
		{1C541E7B-2846-3C5E-8F8E-B69DDC021EFD}.RelWithDebInfo|Win32.Build.0 = RelWithDebInfo|Win32
		{ACFEE76D-4083-33A6-8153-307712B6AF9D}.Debug|Win32.ActiveCfg = Debug|Win32
		{ACFEE76D-4083-33A6-8153-307712B6AF9D}.Debug|Win32.Build.0 = Debug|Win32
		{ACFEE76D-4083-33A6-8153-307712B6AF9D}.Release|Win32.ActiveCfg = Release|Win32
		{ACFEE76D-4083-33A6-8153-307712B6AF9D}.Release|Win32.Build.0 = Release|Win32
		{ACFEE76D-4083-33A6-8153-307712B6AF9D}.MinSizeRel|Win32.ActiveCfg = MinSizeRel|Win32
		{ACFEE76D-4083-33A6-8153-307712B6AF9D}.MinSizeRel|Win32.Build.0 = MinSizeRel|Win32
		{ACFEE76D-4083-33A6-8153-307712B6AF9D}.RelWithDebInfo|Win32.ActiveCfg = RelWithDebInfo|Win32
		{ACFEE76D-4083-33A6-8153-307712B6AF9D}.RelWithDebInfo|Win32.Build.0 = RelWithDebInfo|Win32
		{CEE015F5-FC18-3DD9-B693-93B810797C82}.Debug|Win32.ActiveCfg = Debug|Win32
		{CEE015F5-FC18-3DD9-B693-93B810797C82}.Debug|Win32.Build.0 = Debug|Win32
		{CEE015F5-FC18-3DD9-B693-93B810797C82}.Release|Win32.ActiveCfg = Release|Win32
		{CEE015F5-FC18-3DD9-B693-93B810797C82}.Release|Win32.Build.0 = Release|Win32
		{CEE015F5-FC18-3DD9-B693-93B810797C82}.MinSizeRel|Win32.ActiveCfg = MinSizeRel|Win32
		{CEE015F5-FC18-3DD9-B693-93B810797C82}.MinSizeRel|Win32.Build.0 = MinSizeRel|Win32
		{CEE015F5-FC18-3DD9-B693-93B810797C82}.RelWithDebInfo|Win32.ActiveCfg = RelWithDebInfo|Win32
		{CEE015F5-FC18-3DD9-B693-93B810797C82}.RelWithDebInfo|Win32.Build.0 = RelWithDebInfo|Win32
		{863340C0-FCB4-3B80-AAAF-5777223C0E38}.Debug|Win32.ActiveCfg = Debug|Win32
		{863340C0-FCB4-3B80-AAAF-5777223C0E38}.Debug|Win32.Build.0 = Debug|Win32
		{863340C0-FCB4-3B80-AAAF-5777223C0E38}.Release|Win32.ActiveCfg = Release|Win32
		{863340C0-FCB4-3B80-AAAF-5777223C0E38}.Release|Win32.Build.0 = Release|Win32
		{863340C0-FCB4-3B80-AAAF-5777223C0E38}.MinSizeRel|Win32.ActiveCfg = MinSizeRel|Win32
		{863340C0-FCB4-3B80-AAAF-5777223C0E38}.MinSizeRel|Win32.Build.0 = MinSizeRel|Win32
		{863340C0-FCB4-3B80-AAAF-5777223C0E38}.RelWithDebInfo|Win32.ActiveCfg = RelWithDebInfo|Win32
		{863340C0-FCB4-3B80-AAAF-5777223C0E38}.RelWithDebInfo|Win32.Build.0 = RelWithDebInfo|Win32
		{D011F0ED-98AE-30CB-8003-83C1A9D90289}.Debug|Win32.ActiveCfg = Debug|Win32
		{D011F0ED-98AE-30CB-8003-83C1A9D90289}.Debug|Win32.Build.0 = Debug|Win32
		{D011F0ED-98AE-30CB-8003-83C1A9D90289}.Release|Win32.ActiveCfg = Release|Win32
		{D011F0ED-98AE-30CB-8003-83C1A9D90289}.Release|Win32.Build.0 = Release|Win32
		{D011F0ED-98AE-30CB-8003-83C1A9D90289}.MinSizeRel|Win32.ActiveCfg = MinSizeRel|Win32
		{D011F0ED-98AE-30CB-8003-83C1A9D90289}.MinSizeRel|Win32.Build.0 = MinSizeRel|Win32
		{D011F0ED-98AE-30CB-8003-83C1A9D90289}.RelWithDebInfo|Win32.ActiveCfg = RelWithDebInfo|Win32
		{D011F0ED-98AE-30CB-8003-83C1A9D90289}.RelWithDebInfo|Win32.Build.0 = RelWithDebInfo|Win32
		{D9BBAFBC-BDC3-3CB7-8A1D-FC68C9F7576B}.Debug|Win32.ActiveCfg = Debug|Win32
		{D9BBAFBC-BDC3-3CB7-8A1D-FC68C9F7576B}.Debug|Win32.Build.0 = Debug|Win32
		{D9BBAFBC-BDC3-3CB7-8A1D-FC68C9F7576B}.Release|Win32.ActiveCfg = Release|Win32
		{D9BBAFBC-BDC3-3CB7-8A1D-FC68C9F7576B}.Release|Win32.Build.0 = Release|Win32
		{D9BBAFBC-BDC3-3CB7-8A1D-FC68C9F7576B}.MinSizeRel|Win32.ActiveCfg = MinSizeRel|Win32
		{D9BBAFBC-BDC3-3CB7-8A1D-FC68C9F7576B}.MinSizeRel|Win32.Build.0 = MinSizeRel|Win32
		{D9BBAFBC-BDC3-3CB7-8A1D-FC68C9F7576B}.RelWithDebInfo|Win32.ActiveCfg = RelWithDebInfo|Win32
		{D9BBAFBC-BDC3-3CB7-8A1D-FC68C9F7576B}.RelWithDebInfo|Win32.Build.0 = RelWithDebInfo|Win32
		{565F128F-01D1-30B1-AF09-22BE3375BE40}.Debug|Win32.ActiveCfg = Debug|Win32
		{565F128F-01D1-30B1-AF09-22BE3375BE40}.Debug|Win32.Build.0 = Debug|Win32
		{565F128F-01D1-30B1-AF09-22BE3375BE40}.Release|Win32.ActiveCfg = Release|Win32
		{565F128F-01D1-30B1-AF09-22BE3375BE40}.Release|Win32.Build.0 = Release|Win32
		{565F128F-01D1-30B1-AF09-22BE3375BE40}.MinSizeRel|Win32.ActiveCfg = MinSizeRel|Win32
		{565F128F-01D1-30B1-AF09-22BE3375BE40}.MinSizeRel|Win32.Build.0 = MinSizeRel|Win32
		{565F128F-01D1-30B1-AF09-22BE3375BE40}.RelWithDebInfo|Win32.ActiveCfg = RelWithDebInfo|Win32
		{565F128F-01D1-30B1-AF09-22BE3375BE40}.RelWithDebInfo|Win32.Build.0 = RelWithDebInfo|Win32
		{7B6D818B-6860-3A28-9CB7-1D76EF7D7A6E}.Debug|Win32.ActiveCfg = Debug|Win32
		{7B6D818B-6860-3A28-9CB7-1D76EF7D7A6E}.Debug|Win32.Build.0 = Debug|Win32
		{7B6D818B-6860-3A28-9CB7-1D76EF7D7A6E}.Release|Win32.ActiveCfg = Release|Win32
		{7B6D818B-6860-3A28-9CB7-1D76EF7D7A6E}.Release|Win32.Build.0 = Release|Win32
		{7B6D818B-6860-3A28-9CB7-1D76EF7D7A6E}.MinSizeRel|Win32.ActiveCfg = MinSizeRel|Win32
		{7B6D818B-6860-3A28-9CB7-1D76EF7D7A6E}.MinSizeRel|Win32.Build.0 = MinSizeRel|Win32
		{7B6D818B-6860-3A28-9CB7-1D76EF7D7A6E}.RelWithDebInfo|Win32.ActiveCfg = RelWithDebInfo|Win32
		{7B6D818B-6860-3A28-9CB7-1D76EF7D7A6E}.RelWithDebInfo|Win32.Build.0 = RelWithDebInfo|Win32
		{08645017-D4CD-3EE5-A1BC-59F9C1A20A9D}.Debug|Win32.ActiveCfg = Debug|Win32
		{08645017-D4CD-3EE5-A1BC-59F9C1A20A9D}.Debug|Win32.Build.0 = Debug|Win32
		{08645017-D4CD-3EE5-A1BC-59F9C1A20A9D}.Release|Win32.ActiveCfg = Release|Win32
		{08645017-D4CD-3EE5-A1BC-59F9C1A20A9D}.Release|Win32.Build.0 = Release|Win32
		{08645017-D4CD-3EE5-A1BC-59F9C1A20A9D}.MinSizeRel|Win32.ActiveCfg = MinSizeRel|Win32
		{08645017-D4CD-3EE5-A1BC-59F9C1A20A9D}.MinSizeRel|Win32.Build.0 = MinSizeRel|Win32
		{08645017-D4CD-3EE5-A1BC-59F9C1A20A9D}.RelWithDebInfo|Win32.ActiveCfg = RelWithDebInfo|Win32
		{08645017-D4CD-3EE5-A1BC-59F9C1A20A9D}.RelWithDebInfo|Win32.Build.0 = RelWithDebInfo|Win32
		{50545B90-4E0E-3F96-BBC8-613D64AB8AF7}.Debug|Win32.ActiveCfg = Debug|Win32
		{50545B90-4E0E-3F96-BBC8-613D64AB8AF7}.Debug|Win32.Build.0 = Debug|Win32
		{50545B90-4E0E-3F96-BBC8-613D64AB8AF7}.Release|Win32.ActiveCfg = Release|Win32
		{50545B90-4E0E-3F96-BBC8-613D64AB8AF7}.Release|Win32.Build.0 = Release|Win32
		{50545B90-4E0E-3F96-BBC8-613D64AB8AF7}.MinSizeRel|Win32.ActiveCfg = MinSizeRel|Win32
		{50545B90-4E0E-3F96-BBC8-613D64AB8AF7}.MinSizeRel|Win32.Build.0 = MinSizeRel|Win32
		{50545B90-4E0E-3F96-BBC8-613D64AB8AF7}.RelWithDebInfo|Win32.ActiveCfg = RelWithDebInfo|Win32
		{50545B90-4E0E-3F96-BBC8-613D64AB8AF7}.RelWithDebInfo|Win32.Build.0 = RelWithDebInfo|Win32
		{5B10619D-F483-3ED8-BF49-95EC828742A2}.Debug|Win32.ActiveCfg = Debug|Win32
		{5B10619D-F483-3ED8-BF49-95EC828742A2}.Debug|Win32.Build.0 = Debug|Win32
		{5B10619D-F483-3ED8-BF49-95EC828742A2}.Release|Win32.ActiveCfg = Release|Win32
		{5B10619D-F483-3ED8-BF49-95EC828742A2}.Release|Win32.Build.0 = Release|Win32
		{5B10619D-F483-3ED8-BF49-95EC828742A2}.MinSizeRel|Win32.ActiveCfg = MinSizeRel|Win32
		{5B10619D-F483-3ED8-BF49-95EC828742A2}.MinSizeRel|Win32.Build.0 = MinSizeRel|Win32
		{5B10619D-F483-3ED8-BF49-95EC828742A2}.RelWithDebInfo|Win32.ActiveCfg = RelWithDebInfo|Win32
		{5B10619D-F483-3ED8-BF49-95EC828742A2}.RelWithDebInfo|Win32.Build.0 = RelWithDebInfo|Win32
		{99D0A808-4FE3-385F-852D-D921ED870CAC}.Debug|Win32.ActiveCfg = Debug|Win32
		{99D0A808-4FE3-385F-852D-D921ED870CAC}.Debug|Win32.Build.0 = Debug|Win32
		{99D0A808-4FE3-385F-852D-D921ED870CAC}.Release|Win32.ActiveCfg = Release|Win32
		{99D0A808-4FE3-385F-852D-D921ED870CAC}.Release|Win32.Build.0 = Release|Win32
		{99D0A808-4FE3-385F-852D-D921ED870CAC}.MinSizeRel|Win32.ActiveCfg = MinSizeRel|Win32
		{99D0A808-4FE3-385F-852D-D921ED870CAC}.MinSizeRel|Win32.Build.0 = MinSizeRel|Win32
		{99D0A808-4FE3-385F-852D-D921ED870CAC}.RelWithDebInfo|Win32.ActiveCfg = RelWithDebInfo|Win32
		{99D0A808-4FE3-385F-852D-D921ED870CAC}.RelWithDebInfo|Win32.Build.0 = RelWithDebInfo|Win32
		{0E124228-3328-3703-B61A-A3F986EE0DED}.Debug|Win32.ActiveCfg = Debug|Win32
		{0E124228-3328-3703-B61A-A3F986EE0DED}.Debug|Win32.Build.0 = Debug|Win32
		{0E124228-3328-3703-B61A-A3F986EE0DED}.Release|Win32.ActiveCfg = Release|Win32
		{0E124228-3328-3703-B61A-A3F986EE0DED}.Release|Win32.Build.0 = Release|Win32
		{0E124228-3328-3703-B61A-A3F986EE0DED}.MinSizeRel|Win32.ActiveCfg = MinSizeRel|Win32
		{0E124228-3328-3703-B61A-A3F986EE0DED}.MinSizeRel|Win32.Build.0 = MinSizeRel|Win32
		{0E124228-3328-3703-B61A-A3F986EE0DED}.RelWithDebInfo|Win32.ActiveCfg = RelWithDebInfo|Win32
		{0E124228-3328-3703-B61A-A3F986EE0DED}.RelWithDebInfo|Win32.Build.0 = RelWithDebInfo|Win32
		{077CABE5-D4D8-317E-A0C8-CCDED7F4F65F}.Debug|Win32.ActiveCfg = Debug|Win32
		{077CABE5-D4D8-317E-A0C8-CCDED7F4F65F}.Debug|Win32.Build.0 = Debug|Win32
		{077CABE5-D4D8-317E-A0C8-CCDED7F4F65F}.Release|Win32.ActiveCfg = Release|Win32
		{077CABE5-D4D8-317E-A0C8-CCDED7F4F65F}.Release|Win32.Build.0 = Release|Win32
		{077CABE5-D4D8-317E-A0C8-CCDED7F4F65F}.MinSizeRel|Win32.ActiveCfg = MinSizeRel|Win32
		{077CABE5-D4D8-317E-A0C8-CCDED7F4F65F}.MinSizeRel|Win32.Build.0 = MinSizeRel|Win32
		{077CABE5-D4D8-317E-A0C8-CCDED7F4F65F}.RelWithDebInfo|Win32.ActiveCfg = RelWithDebInfo|Win32
		{077CABE5-D4D8-317E-A0C8-CCDED7F4F65F}.RelWithDebInfo|Win32.Build.0 = RelWithDebInfo|Win32
	EndGlobalSection
	GlobalSection(ExtensibilityGlobals) = postSolution
		SolutionGuid = {E7F5B095-1114-3566-A3FE-A504F585A385}
	EndGlobalSection
	GlobalSection(ExtensibilityAddIns) = postSolution
	EndGlobalSection
EndGlobal
